Microsoft Visual Studio Solution File, Format Version 12.00
# Visual Studio Version 17
VisualStudioVersion = 17.9.34310.174
MinimumVisualStudioVersion = 10.0.40219.1
Project("{9A19103F-16F7-4668-BE54-9A1E7A4F7556}") = "AspirePOC.AppHost", "AspirePOC.AppHost\AspirePOC.AppHost.csproj", "{EAB0C7F8-00D1-4834-A62D-2F28D44EFA37}"
EndProject
Project("{9A19103F-16F7-4668-BE54-9A1E7A4F7556}") = "AspirePOC.ServiceDefaults", "AspirePOC.ServiceDefaults\AspirePOC.ServiceDefaults.csproj", "{BE848A5C-1F4B-44AA-B4B1-4CBF4B876BEA}"
EndProject
Project("{9A19103F-16F7-4668-BE54-9A1E7A4F7556}") = "WeatherForecastAPI", "WeatherForecastAPI\WeatherForecastAPI.csproj", "{B825BD90-A257-4538-821F-B4ADB45C341C}"
EndProject
Global
	GlobalSection(SolutionConfigurationPlatforms) = preSolution
		Debug|Any CPU = Debug|Any CPU
		Release|Any CPU = Release|Any CPU
	EndGlobalSection
	GlobalSection(ProjectConfigurationPlatforms) = postSolution
		{EAB0C7F8-00D1-4834-A62D-2F28D44EFA37}.Debug|Any CPU.ActiveCfg = Debug|Any CPU
		{EAB0C7F8-00D1-4834-A62D-2F28D44EFA37}.Debug|Any CPU.Build.0 = Debug|Any CPU
		{EAB0C7F8-00D1-4834-A62D-2F28D44EFA37}.Release|Any CPU.ActiveCfg = Release|Any CPU
		{EAB0C7F8-00D1-4834-A62D-2F28D44EFA37}.Release|Any CPU.Build.0 = Release|Any CPU
		{BE848A5C-1F4B-44AA-B4B1-4CBF4B876BEA}.Debug|Any CPU.ActiveCfg = Debug|Any CPU
		{BE848A5C-1F4B-44AA-B4B1-4CBF4B876BEA}.Debug|Any CPU.Build.0 = Debug|Any CPU
		{BE848A5C-1F4B-44AA-B4B1-4CBF4B876BEA}.Release|Any CPU.ActiveCfg = Release|Any CPU
		{BE848A5C-1F4B-44AA-B4B1-4CBF4B876BEA}.Release|Any CPU.Build.0 = Release|Any CPU
		{B825BD90-A257-4538-821F-B4ADB45C341C}.Debug|Any CPU.ActiveCfg = Debug|Any CPU
		{B825BD90-A257-4538-821F-B4ADB45C341C}.Debug|Any CPU.Build.0 = Debug|Any CPU
		{B825BD90-A257-4538-821F-B4ADB45C341C}.Release|Any CPU.ActiveCfg = Release|Any CPU
		{B825BD90-A257-4538-821F-B4ADB45C341C}.Release|Any CPU.Build.0 = Release|Any CPU
	EndGlobalSection
	GlobalSection(SolutionProperties) = preSolution
		HideSolutionNode = FALSE
	EndGlobalSection
	GlobalSection(ExtensibilityGlobals) = postSolution
		SolutionGuid = {DE70453A-478E-4A88-8569-5ED64912F58E}
	EndGlobalSection
EndGlobal
